github.com/msteinert/pam/v2 v2.0.0 h1:jnObb8MT6jvMbmrUQO5J/puTUjxy7Av+55zVJRJsCyE=
github.com/msteinert/pam/v2 v2.0.0/go.mod h1:KT28NNIcDFf3PcBmNI2mIGO4zZJ+9RSs/At2PB3IDVc=
golang.org/x/sys v0.6.0 h1:MVltZSvRTcU2ljQOhs94SXPftV6DCNnZViHeQps87pQ=
golang.org/x/sys v0.6.0/go.mod h1:oPkhp1MJrh7nUepCBck5+mAzfO9JrbApNNgaTdGDITg=
golang.org/x/term v0.6.0 h1:clScbb1cHjoCkyRbWwBEUZ5H/tIFu5TAXIqaZD0Gcjw=
golang.org/x/term v0.6.0/go.mod h1:m6U89DPEgQRMq3DNkDClhWw02AUbt2daBVO4cn4Hv9U=
